// !$*UTF8*$!
{
	archiveVersion = 1;
	classes = {
	};
	objectVersion = 56;
	objects = {

/* Begin PBXBuildFile section */
		4F3D3BB62A8A098E009253AB /* MoneyBoxApp.swift in Sources */ = {isa = PBXBuildFile; fileRef = 4F3D3BB52A8A098E009253AB /* MoneyBoxApp.swift */; };
		4F3D3BB82A8A098E009253AB /* ContentView.swift in Sources */ = {isa = PBXBuildFile; fileRef = 4F3D3BB72A8A098E009253AB /* ContentView.swift */; };
		4F3D3BBA2A8A0991009253AB /* Assets.xcassets in Resources */ = {isa = PBXBuildFile; fileRef = 4F3D3BB92A8A0991009253AB /* Assets.xcassets */; };
		4F3D3BBD2A8A0991009253AB /* Preview Assets.xcassets in Resources */ = {isa = PBXBuildFile; fileRef = 4F3D3BBC2A8A0991009253AB /* Preview Assets.xcassets */; };
		4F3D3BC92A8A0A1A009253AB /* BoxScreen.swift in Sources */ = {isa = PBXBuildFile; fileRef = 4F3D3BC82A8A0A1A009253AB /* BoxScreen.swift */; };
		4F3D3BCD2A8A0A87009253AB /* AppColors.swift in Sources */ = {isa = PBXBuildFile; fileRef = 4F3D3BCC2A8A0A87009253AB /* AppColors.swift */; };
		4F3D3BD02A8A0B03009253AB /* Color.swift in Sources */ = {isa = PBXBuildFile; fileRef = 4F3D3BCF2A8A0B03009253AB /* Color.swift */; };
		4F3D3BD22A8A0BC9009253AB /* Constants.swift in Sources */ = {isa = PBXBuildFile; fileRef = 4F3D3BD12A8A0BC9009253AB /* Constants.swift */; };
		4F3D3BD42A8A0D62009253AB /* CircleView.swift in Sources */ = {isa = PBXBuildFile; fileRef = 4F3D3BD32A8A0D62009253AB /* CircleView.swift */; };
		4F3D3BD62A8A160F009253AB /* CircleAttributes.swift in Sources */ = {isa = PBXBuildFile; fileRef = 4F3D3BD52A8A160F009253AB /* CircleAttributes.swift */; };
		4F3D3BD82A8A37D8009253AB /* BoxAttributes.swift in Sources */ = {isa = PBXBuildFile; fileRef = 4F3D3BD72A8A37D8009253AB /* BoxAttributes.swift */; };
		4F3D3BDB2A8A4327009253AB /* Introspection.swift in Sources */ = {isa = PBXBuildFile; fileRef = 4F3D3BDA2A8A4327009253AB /* Introspection.swift */; };
		4F3D3BDD2A8A44A5009253AB /* ViewExtension.swift in Sources */ = {isa = PBXBuildFile; fileRef = 4F3D3BDC2A8A44A5009253AB /* ViewExtension.swift */; };
		4F3D3BDF2A8A44E2009253AB /* UIKit2SwiftUI.swift in Sources */ = {isa = PBXBuildFile; fileRef = 4F3D3BDE2A8A44E2009253AB /* UIKit2SwiftUI.swift */; };
		4F3D3BE42A8A5EBB009253AB /* GradientView.swift in Sources */ = {isa = PBXBuildFile; fileRef = 4F3D3BE32A8A5EBB009253AB /* GradientView.swift */; };
		4F3D3BEA2A8A6C7C009253AB /* AddBoxView.swift in Sources */ = {isa = PBXBuildFile; fileRef = 4F3D3BE92A8A6C7C009253AB /* AddBoxView.swift */; };
		4F3D3BF02A8A812B009253AB /* IncomeWasteScreen.swift in Sources */ = {isa = PBXBuildFile; fileRef = 4F3D3BEF2A8A812B009253AB /* IncomeWasteScreen.swift */; };
		4F3D3BF22A8A84D8009253AB /* AddTransactionScreen.swift in Sources */ = {isa = PBXBuildFile; fileRef = 4F3D3BF12A8A84D8009253AB /* AddTransactionScreen.swift */; };
		4F3D3BF42A8A9468009253AB /* AddTransactionModel.swift in Sources */ = {isa = PBXBuildFile; fileRef = 4F3D3BF32A8A9468009253AB /* AddTransactionModel.swift */; };
		4F3D3C112A8B9636009253AB /* CDModel.xcdatamodeld in Sources */ = {isa = PBXBuildFile; fileRef = 4F3D3C0F2A8B9636009253AB /* CDModel.xcdatamodeld */; };
		4F3D3C912A8BBF06009253AB /* Box+CoreDataClass.swift in Sources */ = {isa = PBXBuildFile; fileRef = 4F3D3C8F2A8BBF06009253AB /* Box+CoreDataClass.swift */; };
		4F3D3C922A8BBF06009253AB /* Box+CoreDataProperties.swift in Sources */ = {isa = PBXBuildFile; fileRef = 4F3D3C902A8BBF06009253AB /* Box+CoreDataProperties.swift */; };
		4F3D3C942A8BBF1E009253AB /* MainViewModel.swift in Sources */ = {isa = PBXBuildFile; fileRef = 4F3D3C932A8BBF1E009253AB /* MainViewModel.swift */; };
/* End PBXBuildFile section */

/* Begin PBXFileReference section */
		4F3D3BB22A8A098E009253AB /* MoneyBox.app */ = {isa = PBXFileReference; explicitFileType = wrapper.application; includeInIndex = 0; path = MoneyBox.app; sourceTree = BUILT_PRODUCTS_DIR; };
		4F3D3BB52A8A098E009253AB /* MoneyBoxApp.swift */ = {isa = PBXFileReference; lastKnownFileType = sourcecode.swift; path = MoneyBoxApp.swift; sourceTree = "<group>"; };
		4F3D3BB72A8A098E009253AB /* ContentView.swift */ = {isa = PBXFileReference; lastKnownFileType = sourcecode.swift; path = ContentView.swift; sourceTree = "<group>"; };
		4F3D3BB92A8A0991009253AB /* Assets.xcassets */ = {isa = PBXFileReference; lastKnownFileType = folder.assetcatalog; path = Assets.xcassets; sourceTree = "<group>"; };
		4F3D3BBC2A8A0991009253AB /* Preview Assets.xcassets */ = {isa = PBXFileReference; lastKnownFileType = folder.assetcatalog; path = "Preview Assets.xcassets"; sourceTree = "<group>"; };
		4F3D3BC82A8A0A1A009253AB /* BoxScreen.swift */ = {isa = PBXFileReference; lastKnownFileType = sourcecode.swift; path = BoxScreen.swift; sourceTree = "<group>"; };
		4F3D3BCC2A8A0A87009253AB /* AppColors.swift */ = {isa = PBXFileReference; lastKnownFileType = sourcecode.swift; path = AppColors.swift; sourceTree = "<group>"; };
		4F3D3BCF2A8A0B03009253AB /* Color.swift */ = {isa = PBXFileReference; lastKnownFileType = sourcecode.swift; path = Color.swift; sourceTree = "<group>"; };
		4F3D3BD12A8A0BC9009253AB /* Constants.swift */ = {isa = PBXFileReference; lastKnownFileType = sourcecode.swift; path = Constants.swift; sourceTree = "<group>"; };
		4F3D3BD32A8A0D62009253AB /* CircleView.swift */ = {isa = PBXFileReference; lastKnownFileType = sourcecode.swift; path = CircleView.swift; sourceTree = "<group>"; };
		4F3D3BD52A8A160F009253AB /* CircleAttributes.swift */ = {isa = PBXFileReference; lastKnownFileType = sourcecode.swift; path = CircleAttributes.swift; sourceTree = "<group>"; };
		4F3D3BD72A8A37D8009253AB /* BoxAttributes.swift */ = {isa = PBXFileReference; lastKnownFileType = sourcecode.swift; path = BoxAttributes.swift; sourceTree = "<group>"; };
		4F3D3BDA2A8A4327009253AB /* Introspection.swift */ = {isa = PBXFileReference; lastKnownFileType = sourcecode.swift; path = Introspection.swift; sourceTree = "<group>"; };
		4F3D3BDC2A8A44A5009253AB /* ViewExtension.swift */ = {isa = PBXFileReference; lastKnownFileType = sourcecode.swift; path = ViewExtension.swift; sourceTree = "<group>"; };
		4F3D3BDE2A8A44E2009253AB /* UIKit2SwiftUI.swift */ = {isa = PBXFileReference; lastKnownFileType = sourcecode.swift; path = UIKit2SwiftUI.swift; sourceTree = "<group>"; };
		4F3D3BE32A8A5EBB009253AB /* GradientView.swift */ = {isa = PBXFileReference; lastKnownFileType = sourcecode.swift; path = GradientView.swift; sourceTree = "<group>"; };
		4F3D3BE92A8A6C7C009253AB /* AddBoxView.swift */ = {isa = PBXFileReference; lastKnownFileType = sourcecode.swift; path = AddBoxView.swift; sourceTree = "<group>"; };
		4F3D3BEF2A8A812B009253AB /* IncomeWasteScreen.swift */ = {isa = PBXFileReference; lastKnownFileType = sourcecode.swift; path = IncomeWasteScreen.swift; sourceTree = "<group>"; };
		4F3D3BF12A8A84D8009253AB /* AddTransactionScreen.swift */ = {isa = PBXFileReference; lastKnownFileType = sourcecode.swift; path = AddTransactionScreen.swift; sourceTree = "<group>"; };
		4F3D3BF32A8A9468009253AB /* AddTransactionModel.swift */ = {isa = PBXFileReference; lastKnownFileType = sourcecode.swift; path = AddTransactionModel.swift; sourceTree = "<group>"; };
		4F3D3C102A8B9636009253AB /* CDModel.xcdatamodel */ = {isa = PBXFileReference; lastKnownFileType = wrapper.xcdatamodel; path = CDModel.xcdatamodel; sourceTree = "<group>"; };
		4F3D3C8F2A8BBF06009253AB /* Box+CoreDataClass.swift */ = {isa = PBXFileReference; lastKnownFileType = sourcecode.swift; path = "Box+CoreDataClass.swift"; sourceTree = SOURCE_ROOT; };
		4F3D3C902A8BBF06009253AB /* Box+CoreDataProperties.swift */ = {isa = PBXFileReference; lastKnownFileType = sourcecode.swift; path = "Box+CoreDataProperties.swift"; sourceTree = SOURCE_ROOT; };
		4F3D3C932A8BBF1E009253AB /* MainViewModel.swift */ = {isa = PBXFileReference; lastKnownFileType = sourcecode.swift; path = MainViewModel.swift; sourceTree = "<group>"; };
/* End PBXFileReference section */

/* Begin PBXFrameworksBuildPhase section */
		4F3D3BAF2A8A098E009253AB /* Frameworks */ = {
			isa = PBXFrameworksBuildPhase;
			buildActionMask = 2147483647;
			files = (
			);
			runOnlyForDeploymentPostprocessing = 0;
		};
/* End PBXFrameworksBuildPhase section */

/* Begin PBXGroup section */
		4F3D3BA92A8A098E009253AB = {
			isa = PBXGroup;
			children = (
				4F3D3BB42A8A098E009253AB /* MoneyBox */,
				4F3D3BB32A8A098E009253AB /* Products */,
			);
			sourceTree = "<group>";
		};
		4F3D3BB32A8A098E009253AB /* Products */ = {
			isa = PBXGroup;
			children = (
				4F3D3BB22A8A098E009253AB /* MoneyBox.app */,
			);
			name = Products;
			sourceTree = "<group>";
		};
		4F3D3BB42A8A098E009253AB /* MoneyBox */ = {
			isa = PBXGroup;
			children = (
				4F3D3BE02A8A5E9E009253AB /* Shared */,
				4F3D3BCE2A8A0AF8009253AB /* Extensions */,
				4F3D3BCB2A8A0A7B009253AB /* Resources */,
				4F3D3BCA2A8A0A6F009253AB /* Core */,
				4F3D3BC32A8A099E009253AB /* Modules */,
				4F3D3BB52A8A098E009253AB /* MoneyBoxApp.swift */,
				4F3D3BB92A8A0991009253AB /* Assets.xcassets */,
				4F3D3BBB2A8A0991009253AB /* Preview Content */,
			);
			path = MoneyBox;
			sourceTree = "<group>";
		};
		4F3D3BBB2A8A0991009253AB /* Preview Content */ = {
			isa = PBXGroup;
			children = (
				4F3D3BBC2A8A0991009253AB /* Preview Assets.xcassets */,
			);
			path = "Preview Content";
			sourceTree = "<group>";
		};
		4F3D3BC32A8A099E009253AB /* Modules */ = {
			isa = PBXGroup;
			children = (
				4F3D3BEB2A8A80FD009253AB /* IncomeWaste */,
				4F3D3BE52A8A6C4E009253AB /* Main */,
				4F3D3BC42A8A09BC009253AB /* BoxModule */,
			);
			path = Modules;
			sourceTree = "<group>";
		};
		4F3D3BC42A8A09BC009253AB /* BoxModule */ = {
			isa = PBXGroup;
			children = (
				4F3D3BC72A8A09D8009253AB /* Model */,
				4F3D3BC62A8A09D2009253AB /* ViewModel */,
				4F3D3BC52A8A09CA009253AB /* View */,
			);
			path = BoxModule;
			sourceTree = "<group>";
		};
		4F3D3BC52A8A09CA009253AB /* View */ = {
			isa = PBXGroup;
			children = (
				4F3D3BC82A8A0A1A009253AB /* BoxScreen.swift */,
				4F3D3BD32A8A0D62009253AB /* CircleView.swift */,
			);
			path = View;
			sourceTree = "<group>";
		};
		4F3D3BC62A8A09D2009253AB /* ViewModel */ = {
			isa = PBXGroup;
			children = (
			);
			path = ViewModel;
			sourceTree = "<group>";
		};
		4F3D3BC72A8A09D8009253AB /* Model */ = {
			isa = PBXGroup;
			children = (
				4F3D3BD52A8A160F009253AB /* CircleAttributes.swift */,
				4F3D3BD72A8A37D8009253AB /* BoxAttributes.swift */,
			);
			path = Model;
			sourceTree = "<group>";
		};
		4F3D3BCA2A8A0A6F009253AB /* Core */ = {
			isa = PBXGroup;
			children = (
				4F3D3C8E2A8BBEEB009253AB /* CoreData */,
				4F3D3BD92A8A4314009253AB /* Introspection */,
			);
			path = Core;
			sourceTree = "<group>";
		};
		4F3D3BCB2A8A0A7B009253AB /* Resources */ = {
			isa = PBXGroup;
			children = (
				4F3D3BCC2A8A0A87009253AB /* AppColors.swift */,
				4F3D3BD12A8A0BC9009253AB /* Constants.swift */,
			);
			path = Resources;
			sourceTree = "<group>";
		};
		4F3D3BCE2A8A0AF8009253AB /* Extensions */ = {
			isa = PBXGroup;
			children = (
				4F3D3BCF2A8A0B03009253AB /* Color.swift */,
			);
			path = Extensions;
			sourceTree = "<group>";
		};
		4F3D3BD92A8A4314009253AB /* Introspection */ = {
			isa = PBXGroup;
			children = (
				4F3D3BDA2A8A4327009253AB /* Introspection.swift */,
				4F3D3BDC2A8A44A5009253AB /* ViewExtension.swift */,
				4F3D3BDE2A8A44E2009253AB /* UIKit2SwiftUI.swift */,
			);
			path = Introspection;
			sourceTree = "<group>";
		};
		4F3D3BE02A8A5E9E009253AB /* Shared */ = {
			isa = PBXGroup;
			children = (
				4F3D3BE12A8A5EA5009253AB /* View */,
			);
			path = Shared;
			sourceTree = "<group>";
		};
		4F3D3BE12A8A5EA5009253AB /* View */ = {
			isa = PBXGroup;
			children = (
				4F3D3BE32A8A5EBB009253AB /* GradientView.swift */,
			);
			path = View;
			sourceTree = "<group>";
		};
		4F3D3BE52A8A6C4E009253AB /* Main */ = {
			isa = PBXGroup;
			children = (
				4F3D3BE82A8A6C66009253AB /* Model */,
				4F3D3BE72A8A6C61009253AB /* ViewModel */,
				4F3D3BE62A8A6C55009253AB /* View */,
			);
			path = Main;
			sourceTree = "<group>";
		};
		4F3D3BE62A8A6C55009253AB /* View */ = {
			isa = PBXGroup;
			children = (
				4F3D3BB72A8A098E009253AB /* ContentView.swift */,
				4F3D3BE92A8A6C7C009253AB /* AddBoxView.swift */,
			);
			path = View;
			sourceTree = "<group>";
		};
		4F3D3BE72A8A6C61009253AB /* ViewModel */ = {
			isa = PBXGroup;
			children = (
				4F3D3C932A8BBF1E009253AB /* MainViewModel.swift */,
			);
			path = ViewModel;
			sourceTree = "<group>";
		};
		4F3D3BE82A8A6C66009253AB /* Model */ = {
			isa = PBXGroup;
			children = (
			);
			path = Model;
			sourceTree = "<group>";
		};
		4F3D3BEB2A8A80FD009253AB /* IncomeWaste */ = {
			isa = PBXGroup;
			children = (
				4F3D3BEE2A8A811A009253AB /* Model */,
				4F3D3BED2A8A8114009253AB /* ViewModel */,
				4F3D3BEC2A8A810F009253AB /* View */,
			);
			path = IncomeWaste;
			sourceTree = "<group>";
		};
		4F3D3BEC2A8A810F009253AB /* View */ = {
			isa = PBXGroup;
			children = (
				4F3D3BEF2A8A812B009253AB /* IncomeWasteScreen.swift */,
				4F3D3BF12A8A84D8009253AB /* AddTransactionScreen.swift */,
			);
			path = View;
			sourceTree = "<group>";
		};
		4F3D3BED2A8A8114009253AB /* ViewModel */ = {
			isa = PBXGroup;
			children = (
			);
			path = ViewModel;
			sourceTree = "<group>";
		};
		4F3D3BEE2A8A811A009253AB /* Model */ = {
			isa = PBXGroup;
			children = (
				4F3D3BF32A8A9468009253AB /* AddTransactionModel.swift */,
			);
			path = Model;
			sourceTree = "<group>";
		};
		4F3D3C8E2A8BBEEB009253AB /* CoreData */ = {
			isa = PBXGroup;
			children = (
				4F3D3C8F2A8BBF06009253AB /* Box+CoreDataClass.swift */,
				4F3D3C902A8BBF06009253AB /* Box+CoreDataProperties.swift */,
				4F3D3C0F2A8B9636009253AB /* CDModel.xcdatamodeld */,
			);
			path = CoreData;
			sourceTree = "<group>";
		};
/* End PBXGroup section */

/* Begin PBXNativeTarget section */
		4F3D3BB12A8A098E009253AB /* MoneyBox */ = {
			isa = PBXNativeTarget;
			buildConfigurationList = 4F3D3BC02A8A0991009253AB /* Build configuration list for PBXNativeTarget "MoneyBox" */;
			buildPhases = (
				4F3D3BAE2A8A098E009253AB /* Sources */,
				4F3D3BAF2A8A098E009253AB /* Frameworks */,
				4F3D3BB02A8A098E009253AB /* Resources */,
			);
			buildRules = (
			);
			dependencies = (
			);
			name = MoneyBox;
			productName = MoneyBox;
			productReference = 4F3D3BB22A8A098E009253AB /* MoneyBox.app */;
			productType = "com.apple.product-type.application";
		};
/* End PBXNativeTarget section */

/* Begin PBXProject section */
		4F3D3BAA2A8A098E009253AB /* Project object */ = {
			isa = PBXProject;
			attributes = {
				BuildIndependentTargetsInParallel = 1;
				LastSwiftUpdateCheck = 1420;
				LastUpgradeCheck = 1420;
				TargetAttributes = {
					4F3D3BB12A8A098E009253AB = {
						CreatedOnToolsVersion = 14.2;
					};
				};
			};
			buildConfigurationList = 4F3D3BAD2A8A098E009253AB /* Build configuration list for PBXProject "MoneyBox" */;
			compatibilityVersion = "Xcode 14.0";
			developmentRegion = en;
			hasScannedForEncodings = 0;
			knownRegions = (
				en,
				Base,
			);
			mainGroup = 4F3D3BA92A8A098E009253AB;
			productRefGroup = 4F3D3BB32A8A098E009253AB /* Products */;
			projectDirPath = "";
			projectRoot = "";
			targets = (
				4F3D3BB12A8A098E009253AB /* MoneyBox */,
			);
		};
/* End PBXProject section */

/* Begin PBXResourcesBuildPhase section */
		4F3D3BB02A8A098E009253AB /* Resources */ = {
			isa = PBXResourcesBuildPhase;
			buildActionMask = 2147483647;
			files = (
				4F3D3BBD2A8A0991009253AB /* Preview Assets.xcassets in Resources */,
				4F3D3BBA2A8A0991009253AB /* Assets.xcassets in Resources */,
			);
			runOnlyForDeploymentPostprocessing = 0;
		};
/* End PBXResourcesBuildPhase section */

/* Begin PBXSourcesBuildPhase section */
		4F3D3BAE2A8A098E009253AB /* Sources */ = {
			isa = PBXSourcesBuildPhase;
			buildActionMask = 2147483647;
			files = (
				4F3D3BB82A8A098E009253AB /* ContentView.swift in Sources */,
				4F3D3BDB2A8A4327009253AB /* Introspection.swift in Sources */,
				4F3D3BCD2A8A0A87009253AB /* AppColors.swift in Sources */,
				4F3D3C922A8BBF06009253AB /* Box+CoreDataProperties.swift in Sources */,
				4F3D3BD62A8A160F009253AB /* CircleAttributes.swift in Sources */,
				4F3D3C112A8B9636009253AB /* CDModel.xcdatamodeld in Sources */,
				4F3D3BF22A8A84D8009253AB /* AddTransactionScreen.swift in Sources */,
				4F3D3BC92A8A0A1A009253AB /* BoxScreen.swift in Sources */,
				4F3D3C912A8BBF06009253AB /* Box+CoreDataClass.swift in Sources */,
				4F3D3BF42A8A9468009253AB /* AddTransactionModel.swift in Sources */,
				4F3D3BD82A8A37D8009253AB /* BoxAttributes.swift in Sources */,
				4F3D3BF02A8A812B009253AB /* IncomeWasteScreen.swift in Sources */,
				4F3D3BDD2A8A44A5009253AB /* ViewExtension.swift in Sources */,
				4F3D3BD02A8A0B03009253AB /* Color.swift in Sources */,
				4F3D3C942A8BBF1E009253AB /* MainViewModel.swift in Sources */,
				4F3D3BEA2A8A6C7C009253AB /* AddBoxView.swift in Sources */,
				4F3D3BB62A8A098E009253AB /* MoneyBoxApp.swift in Sources */,
				4F3D3BDF2A8A44E2009253AB /* UIKit2SwiftUI.swift in Sources */,
				4F3D3BE42A8A5EBB009253AB /* GradientView.swift in Sources */,
				4F3D3BD42A8A0D62009253AB /* CircleView.swift in Sources */,
				4F3D3BD22A8A0BC9009253AB /* Constants.swift in Sources */,
			);
			runOnlyForDeploymentPostprocessing = 0;
		};
/* End PBXSourcesBuildPhase section */

/* Begin XCBuildConfiguration section */
		4F3D3BBE2A8A0991009253AB /* Debug */ = {
			isa = XCBuildConfiguration;
			buildSettings = {
				ALWAYS_SEARCH_USER_PATHS = NO;
				CLANG_ANALYZER_NONNULL = YES;
				CLANG_ANALYZER_NUMBER_OBJECT_CONVERSION = YES_AGGRESSIVE;
				CLANG_CXX_LANGUAGE_STANDARD = "gnu++20";
				CLANG_ENABLE_MODULES = YES;
				CLANG_ENABLE_OBJC_ARC = YES;
				CLANG_ENABLE_OBJC_WEAK = YES;
				CLANG_WARN_BLOCK_CAPTURE_AUTORELEASING = YES;
				CLANG_WARN_BOOL_CONVERSION = YES;
				CLANG_WARN_COMMA = YES;
				CLANG_WARN_CONSTANT_CONVERSION = YES;
				CLANG_WARN_DEPRECATED_OBJC_IMPLEMENTATIONS = YES;
				CLANG_WARN_DIRECT_OBJC_ISA_USAGE = YES_ERROR;
				CLANG_WARN_DOCUMENTATION_COMMENTS = YES;
				CLANG_WARN_EMPTY_BODY = YES;
				CLANG_WARN_ENUM_CONVERSION = YES;
				CLANG_WARN_INFINITE_RECURSION = YES;
				CLANG_WARN_INT_CONVERSION = YES;
				CLANG_WARN_NON_LITERAL_NULL_CONVERSION = YES;
				CLANG_WARN_OBJC_IMPLICIT_RETAIN_SELF = YES;
				CLANG_WARN_OBJC_LITERAL_CONVERSION = YES;
				CLANG_WARN_OBJC_ROOT_CLASS = YES_ERROR;
				CLANG_WARN_QUOTED_INCLUDE_IN_FRAMEWORK_HEADER = YES;
				CLANG_WARN_RANGE_LOOP_ANALYSIS = YES;
				CLANG_WARN_STRICT_PROTOTYPES = YES;
				CLANG_WARN_SUSPICIOUS_MOVE = YES;
				CLANG_WARN_UNGUARDED_AVAILABILITY = YES_AGGRESSIVE;
				CLANG_WARN_UNREACHABLE_CODE = YES;
				CLANG_WARN__DUPLICATE_METHOD_MATCH = YES;
				COPY_PHASE_STRIP = NO;
				DEBUG_INFORMATION_FORMAT = dwarf;
				ENABLE_STRICT_OBJC_MSGSEND = YES;
				ENABLE_TESTABILITY = YES;
				GCC_C_LANGUAGE_STANDARD = gnu11;
				GCC_DYNAMIC_NO_PIC = NO;
				GCC_NO_COMMON_BLOCKS = YES;
				GCC_OPTIMIZATION_LEVEL = 0;
				GCC_PREPROCESSOR_DEFINITIONS = (
					"DEBUG=1",
					"$(inherited)",
				);
				GCC_WARN_64_TO_32_BIT_CONVERSION = YES;
				GCC_WARN_ABOUT_RETURN_TYPE = YES_ERROR;
				GCC_WARN_UNDECLARED_SELECTOR = YES;
				GCC_WARN_UNINITIALIZED_AUTOS = YES_AGGRESSIVE;
				GCC_WARN_UNUSED_FUNCTION = YES;
				GCC_WARN_UNUSED_VARIABLE = YES;
				IPHONEOS_DEPLOYMENT_TARGET = 16.2;
				MTL_ENABLE_DEBUG_INFO = INCLUDE_SOURCE;
				MTL_FAST_MATH = YES;
				ONLY_ACTIVE_ARCH = YES;
				SDKROOT = iphoneos;
				SWIFT_ACTIVE_COMPILATION_CONDITIONS = DEBUG;
				SWIFT_OPTIMIZATION_LEVEL = "-Onone";
			};
			name = Debug;
		};
		4F3D3BBF2A8A0991009253AB /* Release */ = {
			isa = XCBuildConfiguration;
			buildSettings = {
				ALWAYS_SEARCH_USER_PATHS = NO;
				CLANG_ANALYZER_NONNULL = YES;
				CLANG_ANALYZER_NUMBER_OBJECT_CONVERSION = YES_AGGRESSIVE;
				CLANG_CXX_LANGUAGE_STANDARD = "gnu++20";
				CLANG_ENABLE_MODULES = YES;
				CLANG_ENABLE_OBJC_ARC = YES;
				CLANG_ENABLE_OBJC_WEAK = YES;
				CLANG_WARN_BLOCK_CAPTURE_AUTORELEASING = YES;
				CLANG_WARN_BOOL_CONVERSION = YES;
				CLANG_WARN_COMMA = YES;
				CLANG_WARN_CONSTANT_CONVERSION = YES;
				CLANG_WARN_DEPRECATED_OBJC_IMPLEMENTATIONS = YES;
				CLANG_WARN_DIRECT_OBJC_ISA_USAGE = YES_ERROR;
				CLANG_WARN_DOCUMENTATION_COMMENTS = YES;
				CLANG_WARN_EMPTY_BODY = YES;
				CLANG_WARN_ENUM_CONVERSION = YES;
				CLANG_WARN_INFINITE_RECURSION = YES;
				CLANG_WARN_INT_CONVERSION = YES;
				CLANG_WARN_NON_LITERAL_NULL_CONVERSION = YES;
				CLANG_WARN_OBJC_IMPLICIT_RETAIN_SELF = YES;
				CLANG_WARN_OBJC_LITERAL_CONVERSION = YES;
				CLANG_WARN_OBJC_ROOT_CLASS = YES_ERROR;
				CLANG_WARN_QUOTED_INCLUDE_IN_FRAMEWORK_HEADER = YES;
				CLANG_WARN_RANGE_LOOP_ANALYSIS = YES;
				CLANG_WARN_STRICT_PROTOTYPES = YES;
				CLANG_WARN_SUSPICIOUS_MOVE = YES;
				CLANG_WARN_UNGUARDED_AVAILABILITY = YES_AGGRESSIVE;
				CLANG_WARN_UNREACHABLE_CODE = YES;
				CLANG_WARN__DUPLICATE_METHOD_MATCH = YES;
				COPY_PHASE_STRIP = NO;
				DEBUG_INFORMATION_FORMAT = "dwarf-with-dsym";
				ENABLE_NS_ASSERTIONS = NO;
				ENABLE_STRICT_OBJC_MSGSEND = YES;
				GCC_C_LANGUAGE_STANDARD = gnu11;
				GCC_NO_COMMON_BLOCKS = YES;
				GCC_WARN_64_TO_32_BIT_CONVERSION = YES;
				GCC_WARN_ABOUT_RETURN_TYPE = YES_ERROR;
				GCC_WARN_UNDECLARED_SELECTOR = YES;
				GCC_WARN_UNINITIALIZED_AUTOS = YES_AGGRESSIVE;
				GCC_WARN_UNUSED_FUNCTION = YES;
				GCC_WARN_UNUSED_VARIABLE = YES;
				IPHONEOS_DEPLOYMENT_TARGET = 16.2;
				MTL_ENABLE_DEBUG_INFO = NO;
				MTL_FAST_MATH = YES;
				SDKROOT = iphoneos;
				SWIFT_COMPILATION_MODE = wholemodule;
				SWIFT_OPTIMIZATION_LEVEL = "-O";
				VALIDATE_PRODUCT = YES;
			};
			name = Release;
		};
		4F3D3BC12A8A0991009253AB /* Debug */ = {
			isa = XCBuildConfiguration;
			buildSettings = {
				ASSETCATALOG_COMPILER_APPICON_NAME = AppIcon;
				ASSETCATALOG_COMPILER_GLOBAL_ACCENT_COLOR_NAME = AccentColor;
				CODE_SIGN_STYLE = Automatic;
				CURRENT_PROJECT_VERSION = 1;
				DEVELOPMENT_ASSET_PATHS = "\"MoneyBox/Preview Content\"";
				DEVELOPMENT_TEAM = ZR7Z862SYX;
				ENABLE_PREVIEWS = YES;
				GENERATE_INFOPLIST_FILE = YES;
				INFOPLIST_KEY_UIApplicationSceneManifest_Generation = YES;
				INFOPLIST_KEY_UIApplicationSupportsIndirectInputEvents = YES;
				INFOPLIST_KEY_UILaunchScreen_Generation = YES;
				INFOPLIST_KEY_UISupportedInterfaceOrientations = UIInterfaceOrientationPortrait;
				IPHONEOS_DEPLOYMENT_TARGET = 15.0;
				LD_RUNPATH_SEARCH_PATHS = (
					"$(inherited)",
					"@executable_path/Frameworks",
				);
				MARKETING_VERSION = 1.0;
				PRODUCT_BUNDLE_IDENTIFIER = com.MoneyBox1234567890;
				PRODUCT_NAME = "$(TARGET_NAME)";
				SWIFT_EMIT_LOC_STRINGS = YES;
				SWIFT_VERSION = 5.0;
				TARGETED_DEVICE_FAMILY = "1,2";
			};
			name = Debug;
		};
		4F3D3BC22A8A0991009253AB /* Release */ = {
			isa = XCBuildConfiguration;
			buildSettings = {
				ASSETCATALOG_COMPILER_APPICON_NAME = AppIcon;
				ASSETCATALOG_COMPILER_GLOBAL_ACCENT_COLOR_NAME = AccentColor;
				CODE_SIGN_STYLE = Automatic;
				CURRENT_PROJECT_VERSION = 1;
				DEVELOPMENT_ASSET_PATHS = "\"MoneyBox/Preview Content\"";
				DEVELOPMENT_TEAM = ZR7Z862SYX;
				ENABLE_PREVIEWS = YES;
				GENERATE_INFOPLIST_FILE = YES;
				INFOPLIST_KEY_UIApplicationSceneManifest_Generation = YES;
				INFOPLIST_KEY_UIApplicationSupportsIndirectInputEvents = YES;
				INFOPLIST_KEY_UILaunchScreen_Generation = YES;
				INFOPLIST_KEY_UISupportedInterfaceOrientations = UIInterfaceOrientationPortrait;
				IPHONEOS_DEPLOYMENT_TARGET = 15.0;
				LD_RUNPATH_SEARCH_PATHS = (
					"$(inherited)",
					"@executable_path/Frameworks",
				);
				MARKETING_VERSION = 1.0;
				PRODUCT_BUNDLE_IDENTIFIER = com.MoneyBox1234567890;
				PRODUCT_NAME = "$(TARGET_NAME)";
				SWIFT_EMIT_LOC_STRINGS = YES;
				SWIFT_VERSION = 5.0;
				TARGETED_DEVICE_FAMILY = "1,2";
			};
			name = Release;
		};
/* End XCBuildConfiguration section */

/* Begin XCConfigurationList section */
		4F3D3BAD2A8A098E009253AB /* Build configuration list for PBXProject "MoneyBox" */ = {
			isa = XCConfigurationList;
			buildConfigurations = (
				4F3D3BBE2A8A0991009253AB /* Debug */,
				4F3D3BBF2A8A0991009253AB /* Release */,
			);
			defaultConfigurationIsVisible = 0;
			defaultConfigurationName = Release;
		};
		4F3D3BC02A8A0991009253AB /* Build configuration list for PBXNativeTarget "MoneyBox" */ = {
			isa = XCConfigurationList;
			buildConfigurations = (
				4F3D3BC12A8A0991009253AB /* Debug */,
				4F3D3BC22A8A0991009253AB /* Release */,
			);
			defaultConfigurationIsVisible = 0;
			defaultConfigurationName = Release;
		};
/* End XCConfigurationList section */

/* Begin XCVersionGroup section */
		4F3D3C0F2A8B9636009253AB /* CDModel.xcdatamodeld */ = {
			isa = XCVersionGroup;
			children = (
				4F3D3C102A8B9636009253AB /* CDModel.xcdatamodel */,
			);
			currentVersion = 4F3D3C102A8B9636009253AB /* CDModel.xcdatamodel */;
			path = CDModel.xcdatamodeld;
			sourceTree = "<group>";
			versionGroupType = wrapper.xcdatamodel;
		};
/* End XCVersionGroup section */
	};
	rootObject = 4F3D3BAA2A8A098E009253AB /* Project object */;
}
